
Microsoft Visual Studio Solution File, Format Version 12.00
# Visual Studio Version 17
VisualStudioVersion = 17.0.32112.339
MinimumVisualStudioVersion = 10.0.40219.1
Project("{9A19103F-16F7-4668-BE54-9A1E7A4F7556}") = "Data", "Data\Data.csproj", "{812964D2-3D10-43CC-9D3B-EAE117D32060}"
EndProject
Project("{2150E333-8FDC-42A3-9474-1A3956D46DE8}") = "Solution Items", "Solution Items", "{ED129C03-4663-4B8A-8562-554661FFA623}"
	ProjectSection(SolutionItems) = preProject
		LICENSE = LICENSE
	EndProjectSection
EndProject
Project("{FAE04EC0-301F-11D3-BF4B-00C04F79EFBC}") = "Business", "Business\Business.csproj", "{AE25AEB8-F38A-4ED7-8F57-C4D56EEBBD91}"
EndProject
Global
	GlobalSection(SolutionConfigurationPlatforms) = preSolution
		Debug|Any CPU = Debug|Any CPU
		Release|Any CPU = Release|Any CPU
	EndGlobalSection
	GlobalSection(ProjectConfigurationPlatforms) = postSolution
		{812964D2-3D10-43CC-9D3B-EAE117D32060}.Debug|Any CPU.ActiveCfg = Debug|Any CPU
		{812964D2-3D10-43CC-9D3B-EAE117D32060}.Debug|Any CPU.Build.0 = Debug|Any CPU
		{812964D2-3D10-43CC-9D3B-EAE117D32060}.Release|Any CPU.ActiveCfg = Release|Any CPU
		{812964D2-3D10-43CC-9D3B-EAE117D32060}.Release|Any CPU.Build.0 = Release|Any CPU
		{AE25AEB8-F38A-4ED7-8F57-C4D56EEBBD91}.Debug|Any CPU.ActiveCfg = Debug|Any CPU
		{AE25AEB8-F38A-4ED7-8F57-C4D56EEBBD91}.Debug|Any CPU.Build.0 = Debug|Any CPU
		{AE25AEB8-F38A-4ED7-8F57-C4D56EEBBD91}.Release|Any CPU.ActiveCfg = Release|Any CPU
		{AE25AEB8-F38A-4ED7-8F57-C4D56EEBBD91}.Release|Any CPU.Build.0 = Release|Any CPU
	EndGlobalSection
	GlobalSection(SolutionProperties) = preSolution
		HideSolutionNode = FALSE
	EndGlobalSection
	GlobalSection(ExtensibilityGlobals) = postSolution
		SolutionGuid = {F5203D45-FBD8-4542-8E27-3A8C009C9DDB}
	EndGlobalSection
EndGlobal
